// !$*UTF8*$!
{
	archiveVersion = 1;
	classes = {
	};
	objectVersion = 46;
	objects = {

/* Begin PBXBuildFile section */
		9F0AA4B51E1D5F45005DA9F3 /* main.m in Sources */ = {isa = PBXBuildFile; fileRef = 9F0AA4B41E1D5F45005DA9F3 /* main.m */; };
		9F0AA4B81E1D5F45005DA9F3 /* AppDelegate.m in Sources */ = {isa = PBXBuildFile; fileRef = 9F0AA4B71E1D5F45005DA9F3 /* AppDelegate.m */; };
		9F0AA4BE1E1D5F45005DA9F3 /* Main.storyboard in Resources */ = {isa = PBXBuildFile; fileRef = 9F0AA4BC1E1D5F45005DA9F3 /* Main.storyboard */; };
		9F0AA4C31E1D5F45005DA9F3 /* LaunchScreen.storyboard in Resources */ = {isa = PBXBuildFile; fileRef = 9F0AA4C11E1D5F45005DA9F3 /* LaunchScreen.storyboard */; };
		9F0AA4CE1E1D5F46005DA9F3 /* YueShanTests.m in Sources */ = {isa = PBXBuildFile; fileRef = 9F0AA4CD1E1D5F46005DA9F3 /* YueShanTests.m */; };
		9F0AA4D91E1D5F46005DA9F3 /* YueShanUITests.m in Sources */ = {isa = PBXBuildFile; fileRef = 9F0AA4D81E1D5F46005DA9F3 /* YueShanUITests.m */; };
		9F0AA5391E1D5FA5005DA9F3 /* BaseTableViewController.m in Sources */ = {isa = PBXBuildFile; fileRef = 9F0AA4EB1E1D5FA5005DA9F3 /* BaseTableViewController.m */; };
		9F0AA53A1E1D5FA5005DA9F3 /* CustomBaseViewController.m in Sources */ = {isa = PBXBuildFile; fileRef = 9F0AA4ED1E1D5FA5005DA9F3 /* CustomBaseViewController.m */; };
		9F0AA53B1E1D5FA5005DA9F3 /* CustomNavigationController.m in Sources */ = {isa = PBXBuildFile; fileRef = 9F0AA4EF1E1D5FA5005DA9F3 /* CustomNavigationController.m */; };
		9F0AA53C1E1D5FA5005DA9F3 /* EmptyViewTips.m in Sources */ = {isa = PBXBuildFile; fileRef = 9F0AA4F11E1D5FA5005DA9F3 /* EmptyViewTips.m */; };
		9F0AA53D1E1D5FA5005DA9F3 /* MainTabBarVC.m in Sources */ = {isa = PBXBuildFile; fileRef = 9F0AA4F31E1D5FA5005DA9F3 /* MainTabBarVC.m */; };
		9F0AA53E1E1D5FA5005DA9F3 /* MainTabBarVC.xib in Resources */ = {isa = PBXBuildFile; fileRef = 9F0AA4F41E1D5FA5005DA9F3 /* MainTabBarVC.xib */; };
		9F0AA53F1E1D5FA5005DA9F3 /* UIBarButtonItem+MJ.m in Sources */ = {isa = PBXBuildFile; fileRef = 9F0AA4F61E1D5FA5005DA9F3 /* UIBarButtonItem+MJ.m */; };
		9F0AA5401E1D5FA5005DA9F3 /* UIColor+YY.m in Sources */ = {isa = PBXBuildFile; fileRef = 9F0AA4FA1E1D5FA5005DA9F3 /* UIColor+YY.m */; };
		9F0AA5411E1D5FA5005DA9F3 /* UserDefaultsHelper.m in Sources */ = {isa = PBXBuildFile; fileRef = 9F0AA4FC1E1D5FA5005DA9F3 /* UserDefaultsHelper.m */; };
		9F0AA5421E1D5FA5005DA9F3 /* MJRefreshAutoFooter.m in Sources */ = {isa = PBXBuildFile; fileRef = 9F0AA5011E1D5FA5005DA9F3 /* MJRefreshAutoFooter.m */; };
		9F0AA5431E1D5FA5005DA9F3 /* MJRefreshBackFooter.m in Sources */ = {isa = PBXBuildFile; fileRef = 9F0AA5031E1D5FA5005DA9F3 /* MJRefreshBackFooter.m */; };
		9F0AA5441E1D5FA5005DA9F3 /* MJRefreshComponent.m in Sources */ = {isa = PBXBuildFile; fileRef = 9F0AA5051E1D5FA5005DA9F3 /* MJRefreshComponent.m */; };
		9F0AA5451E1D5FA5005DA9F3 /* MJRefreshFooter.m in Sources */ = {isa = PBXBuildFile; fileRef = 9F0AA5071E1D5FA5005DA9F3 /* MJRefreshFooter.m */; };
		9F0AA5461E1D5FA5005DA9F3 /* MJRefreshHeader.m in Sources */ = {isa = PBXBuildFile; fileRef = 9F0AA5091E1D5FA5005DA9F3 /* MJRefreshHeader.m */; };
		9F0AA5471E1D5FA5005DA9F3 /* MJRefreshAutoGifFooter.m in Sources */ = {isa = PBXBuildFile; fileRef = 9F0AA50E1E1D5FA5005DA9F3 /* MJRefreshAutoGifFooter.m */; };
		9F0AA5481E1D5FA5005DA9F3 /* MJRefreshAutoNormalFooter.m in Sources */ = {isa = PBXBuildFile; fileRef = 9F0AA5101E1D5FA5005DA9F3 /* MJRefreshAutoNormalFooter.m */; };
		9F0AA5491E1D5FA5005DA9F3 /* MJRefreshAutoStateFooter.m in Sources */ = {isa = PBXBuildFile; fileRef = 9F0AA5121E1D5FA5005DA9F3 /* MJRefreshAutoStateFooter.m */; };
		9F0AA54A1E1D5FA5005DA9F3 /* MJRefreshBackGifFooter.m in Sources */ = {isa = PBXBuildFile; fileRef = 9F0AA5151E1D5FA5005DA9F3 /* MJRefreshBackGifFooter.m */; };
		9F0AA54B1E1D5FA5005DA9F3 /* MJRefreshBackNormalFooter.m in Sources */ = {isa = PBXBuildFile; fileRef = 9F0AA5171E1D5FA5005DA9F3 /* MJRefreshBackNormalFooter.m */; };
		9F0AA54C1E1D5FA5005DA9F3 /* MJRefreshBackStateFooter.m in Sources */ = {isa = PBXBuildFile; fileRef = 9F0AA5191E1D5FA5005DA9F3 /* MJRefreshBackStateFooter.m */; };
		9F0AA54D1E1D5FA5005DA9F3 /* MJRefreshGifHeader.m in Sources */ = {isa = PBXBuildFile; fileRef = 9F0AA51C1E1D5FA5005DA9F3 /* MJRefreshGifHeader.m */; };
		9F0AA54E1E1D5FA5005DA9F3 /* MJRefreshNormalHeader.m in Sources */ = {isa = PBXBuildFile; fileRef = 9F0AA51E1E1D5FA5005DA9F3 /* MJRefreshNormalHeader.m */; };
		9F0AA54F1E1D5FA5005DA9F3 /* MJRefreshStateHeader.m in Sources */ = {isa = PBXBuildFile; fileRef = 9F0AA5201E1D5FA5005DA9F3 /* MJRefreshStateHeader.m */; };
		9F0AA5501E1D5FA5005DA9F3 /* MJRefresh.bundle in Resources */ = {isa = PBXBuildFile; fileRef = 9F0AA5211E1D5FA5005DA9F3 /* MJRefresh.bundle */; };
		9F0AA5511E1D5FA5005DA9F3 /* MJRefreshConst.m in Sources */ = {isa = PBXBuildFile; fileRef = 9F0AA5241E1D5FA5005DA9F3 /* MJRefreshConst.m */; };
		9F0AA5521E1D5FA5005DA9F3 /* UIScrollView+MJExtension.m in Sources */ = {isa = PBXBuildFile; fileRef = 9F0AA5261E1D5FA5005DA9F3 /* UIScrollView+MJExtension.m */; };
		9F0AA5531E1D5FA5005DA9F3 /* UIScrollView+MJRefresh.m in Sources */ = {isa = PBXBuildFile; fileRef = 9F0AA5281E1D5FA5005DA9F3 /* UIScrollView+MJRefresh.m */; };
		9F0AA5541E1D5FA5005DA9F3 /* UIView+MJExtension.m in Sources */ = {isa = PBXBuildFile; fileRef = 9F0AA52A1E1D5FA5005DA9F3 /* UIView+MJExtension.m */; };
		9F0AA5551E1D5FA5005DA9F3 /* ContactsMainVC.m in Sources */ = {isa = PBXBuildFile; fileRef = 9F0AA52E1E1D5FA5005DA9F3 /* ContactsMainVC.m */; };
		9F0AA5561E1D5FA5005DA9F3 /* DiscoverMainVC.m in Sources */ = {isa = PBXBuildFile; fileRef = 9F0AA5301E1D5FA5005DA9F3 /* DiscoverMainVC.m */; };
		9F0AA5571E1D5FA5005DA9F3 /* LoginVC.m in Sources */ = {isa = PBXBuildFile; fileRef = 9F0AA5321E1D5FA5005DA9F3 /* LoginVC.m */; };
		9F0AA5581E1D5FA5005DA9F3 /* MeMainVC.m in Sources */ = {isa = PBXBuildFile; fileRef = 9F0AA5341E1D5FA5005DA9F3 /* MeMainVC.m */; };
		9F0AA5591E1D5FA5005DA9F3 /* WeChatMainVC.m in Sources */ = {isa = PBXBuildFile; fileRef = 9F0AA5361E1D5FA5005DA9F3 /* WeChatMainVC.m */; };
		9F0AA55A1E1D5FA5005DA9F3 /* Assets.xcassets in Resources */ = {isa = PBXBuildFile; fileRef = 9F0AA5381E1D5FA5005DA9F3 /* Assets.xcassets */; };
/* End PBXBuildFile section */

/* Begin PBXContainerItemProxy section */
		9F0AA4CA1E1D5F46005DA9F3 /* PBXContainerItemProxy */ = {
			isa = PBXContainerItemProxy;
			containerPortal = 9F0AA4A81E1D5F45005DA9F3 /* Project object */;
			proxyType = 1;
			remoteGlobalIDString = 9F0AA4AF1E1D5F45005DA9F3;
			remoteInfo = YueShan;
		};
		9F0AA4D51E1D5F46005DA9F3 /* PBXContainerItemProxy */ = {
			isa = PBXContainerItemProxy;
			containerPortal = 9F0AA4A81E1D5F45005DA9F3 /* Project object */;
			proxyType = 1;
			remoteGlobalIDString = 9F0AA4AF1E1D5F45005DA9F3;
			remoteInfo = YueShan;
		};
/* End PBXContainerItemProxy section */

/* Begin PBXFileReference section */
		9F0AA4B01E1D5F45005DA9F3 /* YueShan.app */ = {isa = PBXFileReference; explicitFileType = wrapper.application; includeInIndex = 0; path = YueShan.app; sourceTree = BUILT_PRODUCTS_DIR; };
		9F0AA4B41E1D5F45005DA9F3 /* main.m */ = {isa = PBXFileReference; lastKnownFileType = sourcecode.c.objc; path = main.m; sourceTree = "<group>"; };
		9F0AA4B61E1D5F45005DA9F3 /* AppDelegate.h */ = {isa = PBXFileReference; lastKnownFileType = sourcecode.c.h; path = AppDelegate.h; sourceTree = "<group>"; };
		9F0AA4B71E1D5F45005DA9F3 /* AppDelegate.m */ = {isa = PBXFileReference; lastKnownFileType = sourcecode.c.objc; path = AppDelegate.m; sourceTree = "<group>"; };
		9F0AA4BD1E1D5F45005DA9F3 /* Base */ = {isa = PBXFileReference; lastKnownFileType = file.storyboard; name = Base; path = Base.lproj/Main.storyboard; sourceTree = "<group>"; };
		9F0AA4C21E1D5F45005DA9F3 /* Base */ = {isa = PBXFileReference; lastKnownFileType = file.storyboard; name = Base; path = Base.lproj/LaunchScreen.storyboard; sourceTree = "<group>"; };
		9F0AA4C41E1D5F45005DA9F3 /* Info.plist */ = {isa = PBXFileReference; lastKnownFileType = text.plist.xml; path = Info.plist; sourceTree = "<group>"; };
		9F0AA4C91E1D5F46005DA9F3 /* YueShanTests.xctest */ = {isa = PBXFileReference; explicitFileType = wrapper.cfbundle; includeInIndex = 0; path = YueShanTests.xctest; sourceTree = BUILT_PRODUCTS_DIR; };
		9F0AA4CD1E1D5F46005DA9F3 /* YueShanTests.m */ = {isa = PBXFileReference; lastKnownFileType = sourcecode.c.objc; path = YueShanTests.m; sourceTree = "<group>"; };
		9F0AA4CF1E1D5F46005DA9F3 /* Info.plist */ = {isa = PBXFileReference; lastKnownFileType = text.plist.xml; path = Info.plist; sourceTree = "<group>"; };
		9F0AA4D41E1D5F46005DA9F3 /* YueShanUITests.xctest */ = {isa = PBXFileReference; explicitFileType = wrapper.cfbundle; includeInIndex = 0; path = YueShanUITests.xctest; sourceTree = BUILT_PRODUCTS_DIR; };
		9F0AA4D81E1D5F46005DA9F3 /* YueShanUITests.m */ = {isa = PBXFileReference; lastKnownFileType = sourcecode.c.objc; path = YueShanUITests.m; sourceTree = "<group>"; };
		9F0AA4DA1E1D5F47005DA9F3 /* Info.plist */ = {isa = PBXFileReference; lastKnownFileType = text.plist.xml; path = Info.plist; sourceTree = "<group>"; };
		9F0AA4E81E1D5FA5005DA9F3 /* BaseHeader.h */ = {isa = PBXFileReference; fileEncoding = 4; lastKnownFileType = sourcecode.c.h; path = BaseHeader.h; sourceTree = "<group>"; };
		9F0AA4EA1E1D5FA5005DA9F3 /* BaseTableViewController.h */ = {isa = PBXFileReference; fileEncoding = 4; lastKnownFileType = sourcecode.c.h; path = BaseTableViewController.h; sourceTree = "<group>"; };
		9F0AA4EB1E1D5FA5005DA9F3 /* BaseTableViewController.m */ = {isa = PBXFileReference; fileEncoding = 4; lastKnownFileType = sourcecode.c.objc; path = BaseTableViewController.m; sourceTree = "<group>"; };
		9F0AA4EC1E1D5FA5005DA9F3 /* CustomBaseViewController.h */ = {isa = PBXFileReference; fileEncoding = 4; lastKnownFileType = sourcecode.c.h; path = CustomBaseViewController.h; sourceTree = "<group>"; };
		9F0AA4ED1E1D5FA5005DA9F3 /* CustomBaseViewController.m */ = {isa = PBXFileReference; fileEncoding = 4; lastKnownFileType = sourcecode.c.objc; path = CustomBaseViewController.m; sourceTree = "<group>"; };
		9F0AA4EE1E1D5FA5005DA9F3 /* CustomNavigationController.h */ = {isa = PBXFileReference; fileEncoding = 4; lastKnownFileType = sourcecode.c.h; path = CustomNavigationController.h; sourceTree = "<group>"; };
		9F0AA4EF1E1D5FA5005DA9F3 /* CustomNavigationController.m */ = {isa = PBXFileReference; fileEncoding = 4; lastKnownFileType = sourcecode.c.objc; path = CustomNavigationController.m; sourceTree = "<group>"; };
		9F0AA4F01E1D5FA5005DA9F3 /* EmptyViewTips.h */ = {isa = PBXFileReference; fileEncoding = 4; lastKnownFileType = sourcecode.c.h; path = EmptyViewTips.h; sourceTree = "<group>"; };
		9F0AA4F11E1D5FA5005DA9F3 /* EmptyViewTips.m */ = {isa = PBXFileReference; fileEncoding = 4; lastKnownFileType = sourcecode.c.objc; path = EmptyViewTips.m; sourceTree = "<group>"; };
		9F0AA4F21E1D5FA5005DA9F3 /* MainTabBarVC.h */ = {isa = PBXFileReference; fileEncoding = 4; lastKnownFileType = sourcecode.c.h; path = MainTabBarVC.h; sourceTree = "<group>"; };
		9F0AA4F31E1D5FA5005DA9F3 /* MainTabBarVC.m */ = {isa = PBXFileReference; fileEncoding = 4; lastKnownFileType = sourcecode.c.objc; path = MainTabBarVC.m; sourceTree = "<group>"; };
		9F0AA4F41E1D5FA5005DA9F3 /* MainTabBarVC.xib */ = {isa = PBXFileReference; fileEncoding = 4; lastKnownFileType = file.xib; path = MainTabBarVC.xib; sourceTree = "<group>"; };
		9F0AA4F51E1D5FA5005DA9F3 /* UIBarButtonItem+MJ.h */ = {isa = PBXFileReference; fileEncoding = 4; lastKnownFileType = sourcecode.c.h; path = "UIBarButtonItem+MJ.h"; sourceTree = "<group>"; };
		9F0AA4F61E1D5FA5005DA9F3 /* UIBarButtonItem+MJ.m */ = {isa = PBXFileReference; fileEncoding = 4; lastKnownFileType = sourcecode.c.objc; path = "UIBarButtonItem+MJ.m"; sourceTree = "<group>"; };
		9F0AA4F71E1D5FA5005DA9F3 /* CommonDefined.h */ = {isa = PBXFileReference; fileEncoding = 4; lastKnownFileType = sourcecode.c.h; path = CommonDefined.h; sourceTree = "<group>"; };
		9F0AA4F91E1D5FA5005DA9F3 /* UIColor+YY.h */ = {isa = PBXFileReference; fileEncoding = 4; lastKnownFileType = sourcecode.c.h; path = "UIColor+YY.h"; sourceTree = "<group>"; };
		9F0AA4FA1E1D5FA5005DA9F3 /* UIColor+YY.m */ = {isa = PBXFileReference; fileEncoding = 4; lastKnownFileType = sourcecode.c.objc; path = "UIColor+YY.m"; sourceTree = "<group>"; };
		9F0AA4FB1E1D5FA5005DA9F3 /* UserDefaultsHelper.h */ = {isa = PBXFileReference; fileEncoding = 4; lastKnownFileType = sourcecode.c.h; path = UserDefaultsHelper.h; sourceTree = "<group>"; };
		9F0AA4FC1E1D5FA5005DA9F3 /* UserDefaultsHelper.m */ = {isa = PBXFileReference; fileEncoding = 4; lastKnownFileType = sourcecode.c.objc; path = UserDefaultsHelper.m; sourceTree = "<group>"; };
		9F0AA5001E1D5FA5005DA9F3 /* MJRefreshAutoFooter.h */ = {isa = PBXFileReference; fileEncoding = 4; lastKnownFileType = sourcecode.c.h; path = MJRefreshAutoFooter.h; sourceTree = "<group>"; };
		9F0AA5011E1D5FA5005DA9F3 /* MJRefreshAutoFooter.m */ = {isa = PBXFileReference; fileEncoding = 4; lastKnownFileType = sourcecode.c.objc; path = MJRefreshAutoFooter.m; sourceTree = "<group>"; };
		9F0AA5021E1D5FA5005DA9F3 /* MJRefreshBackFooter.h */ = {isa = PBXFileReference; fileEncoding = 4; lastKnownFileType = sourcecode.c.h; path = MJRefreshBackFooter.h; sourceTree = "<group>"; };
		9F0AA5031E1D5FA5005DA9F3 /* MJRefreshBackFooter.m */ = {isa = PBXFileReference; fileEncoding = 4; lastKnownFileType = sourcecode.c.objc; path = MJRefreshBackFooter.m; sourceTree = "<group>"; };
		9F0AA5041E1D5FA5005DA9F3 /* MJRefreshComponent.h */ = {isa = PBXFileReference; fileEncoding = 4; lastKnownFileType = sourcecode.c.h; path = MJRefreshComponent.h; sourceTree = "<group>"; };
		9F0AA5051E1D5FA5005DA9F3 /* MJRefreshComponent.m */ = {isa = PBXFileReference; fileEncoding = 4; lastKnownFileType = sourcecode.c.objc; path = MJRefreshComponent.m; sourceTree = "<group>"; };
		9F0AA5061E1D5FA5005DA9F3 /* MJRefreshFooter.h */ = {isa = PBXFileReference; fileEncoding = 4; lastKnownFileType = sourcecode.c.h; path = MJRefreshFooter.h; sourceTree = "<group>"; };
		9F0AA5071E1D5FA5005DA9F3 /* MJRefreshFooter.m */ = {isa = PBXFileReference; fileEncoding = 4; lastKnownFileType = sourcecode.c.objc; path = MJRefreshFooter.m; sourceTree = "<group>"; };
		9F0AA5081E1D5FA5005DA9F3 /* MJRefreshHeader.h */ = {isa = PBXFileReference; fileEncoding = 4; lastKnownFileType = sourcecode.c.h; path = MJRefreshHeader.h; sourceTree = "<group>"; };
		9F0AA5091E1D5FA5005DA9F3 /* MJRefreshHeader.m */ = {isa = PBXFileReference; fileEncoding = 4; lastKnownFileType = sourcecode.c.objc; path = MJRefreshHeader.m; sourceTree = "<group>"; };
		9F0AA50D1E1D5FA5005DA9F3 /* MJRefreshAutoGifFooter.h */ = {isa = PBXFileReference; fileEncoding = 4; lastKnownFileType = sourcecode.c.h; path = MJRefreshAutoGifFooter.h; sourceTree = "<group>"; };
		9F0AA50E1E1D5FA5005DA9F3 /* MJRefreshAutoGifFooter.m */ = {isa = PBXFileReference; fileEncoding = 4; lastKnownFileType = sourcecode.c.objc; path = MJRefreshAutoGifFooter.m; sourceTree = "<group>"; };
		9F0AA50F1E1D5FA5005DA9F3 /* MJRefreshAutoNormalFooter.h */ = {isa = PBXFileReference; fileEncoding = 4; lastKnownFileType = sourcecode.c.h; path = MJRefreshAutoNormalFooter.h; sourceTree = "<group>"; };
		9F0AA5101E1D5FA5005DA9F3 /* MJRefreshAutoNormalFooter.m */ = {isa = PBXFileReference; fileEncoding = 4; lastKnownFileType = sourcecode.c.objc; path = MJRefreshAutoNormalFooter.m; sourceTree = "<group>"; };
		9F0AA5111E1D5FA5005DA9F3 /* MJRefreshAutoStateFooter.h */ = {isa = PBXFileReference; fileEncoding = 4; lastKnownFileType = sourcecode.c.h; path = MJRefreshAutoStateFooter.h; sourceTree = "<group>"; };
		9F0AA5121E1D5FA5005DA9F3 /* MJRefreshAutoStateFooter.m */ = {isa = PBXFileReference; fileEncoding = 4; lastKnownFileType = sourcecode.c.objc; path = MJRefreshAutoStateFooter.m; sourceTree = "<group>"; };
		9F0AA5141E1D5FA5005DA9F3 /* MJRefreshBackGifFooter.h */ = {isa = PBXFileReference; fileEncoding = 4; lastKnownFileType = sourcecode.c.h; path = MJRefreshBackGifFooter.h; sourceTree = "<group>"; };
		9F0AA5151E1D5FA5005DA9F3 /* MJRefreshBackGifFooter.m */ = {isa = PBXFileReference; fileEncoding = 4; lastKnownFileType = sourcecode.c.objc; path = MJRefreshBackGifFooter.m; sourceTree = "<group>"; };
		9F0AA5161E1D5FA5005DA9F3 /* MJRefreshBackNormalFooter.h */ = {isa = PBXFileReference; fileEncoding = 4; lastKnownFileType = sourcecode.c.h; path = MJRefreshBackNormalFooter.h; sourceTree = "<group>"; };
		9F0AA5171E1D5FA5005DA9F3 /* MJRefreshBackNormalFooter.m */ = {isa = PBXFileReference; fileEncoding = 4; lastKnownFileType = sourcecode.c.objc; path = MJRefreshBackNormalFooter.m; sourceTree = "<group>"; };
		9F0AA5181E1D5FA5005DA9F3 /* MJRefreshBackStateFooter.h */ = {isa = PBXFileReference; fileEncoding = 4; lastKnownFileType = sourcecode.c.h; path = MJRefreshBackStateFooter.h; sourceTree = "<group>"; };
		9F0AA5191E1D5FA5005DA9F3 /* MJRefreshBackStateFooter.m */ = {isa = PBXFileReference; fileEncoding = 4; lastKnownFileType = sourcecode.c.objc; path = MJRefreshBackStateFooter.m; sourceTree = "<group>"; };
		9F0AA51B1E1D5FA5005DA9F3 /* MJRefreshGifHeader.h */ = {isa = PBXFileReference; fileEncoding = 4; lastKnownFileType = sourcecode.c.h; path = MJRefreshGifHeader.h; sourceTree = "<group>"; };
		9F0AA51C1E1D5FA5005DA9F3 /* MJRefreshGifHeader.m */ = {isa = PBXFileReference; fileEncoding = 4; lastKnownFileType = sourcecode.c.objc; path = MJRefreshGifHeader.m; sourceTree = "<group>"; };
		9F0AA51D1E1D5FA5005DA9F3 /* MJRefreshNormalHeader.h */ = {isa = PBXFileReference; fileEncoding = 4; lastKnownFileType = sourcecode.c.h; path = MJRefreshNormalHeader.h; sourceTree = "<group>"; };
		9F0AA51E1E1D5FA5005DA9F3 /* MJRefreshNormalHeader.m */ = {isa = PBXFileReference; fileEncoding = 4; lastKnownFileType = sourcecode.c.objc; path = MJRefreshNormalHeader.m; sourceTree = "<group>"; };
		9F0AA51F1E1D5FA5005DA9F3 /* MJRefreshStateHeader.h */ = {isa = PBXFileReference; fileEncoding = 4; lastKnownFileType = sourcecode.c.h; path = MJRefreshStateHeader.h; sourceTree = "<group>"; };
		9F0AA5201E1D5FA5005DA9F3 /* MJRefreshStateHeader.m */ = {isa = PBXFileReference; fileEncoding = 4; lastKnownFileType = sourcecode.c.objc; path = MJRefreshStateHeader.m; sourceTree = "<group>"; };
		9F0AA5211E1D5FA5005DA9F3 /* MJRefresh.bundle */ = {isa = PBXFileReference; lastKnownFileType = "wrapper.plug-in"; path = MJRefresh.bundle; sourceTree = "<group>"; };
		9F0AA5221E1D5FA5005DA9F3 /* MJRefresh.h */ = {isa = PBXFileReference; fileEncoding = 4; lastKnownFileType = sourcecode.c.h; path = MJRefresh.h; sourceTree = "<group>"; };
		9F0AA5231E1D5FA5005DA9F3 /* MJRefreshConst.h */ = {isa = PBXFileReference; fileEncoding = 4; lastKnownFileType = sourcecode.c.h; path = MJRefreshConst.h; sourceTree = "<group>"; };
		9F0AA5241E1D5FA5005DA9F3 /* MJRefreshConst.m */ = {isa = PBXFileReference; fileEncoding = 4; lastKnownFileType = sourcecode.c.objc; path = MJRefreshConst.m; sourceTree = "<group>"; };
		9F0AA5251E1D5FA5005DA9F3 /* UIScrollView+MJExtension.h */ = {isa = PBXFileReference; fileEncoding = 4; lastKnownFileType = sourcecode.c.h; path = "UIScrollView+MJExtension.h"; sourceTree = "<group>"; };
		9F0AA5261E1D5FA5005DA9F3 /* UIScrollView+MJExtension.m */ = {isa = PBXFileReference; fileEncoding = 4; lastKnownFileType = sourcecode.c.objc; path = "UIScrollView+MJExtension.m"; sourceTree = "<group>"; };
		9F0AA5271E1D5FA5005DA9F3 /* UIScrollView+MJRefresh.h */ = {isa = PBXFileReference; fileEncoding = 4; lastKnownFileType = sourcecode.c.h; path = "UIScrollView+MJRefresh.h"; sourceTree = "<group>"; };
		9F0AA5281E1D5FA5005DA9F3 /* UIScrollView+MJRefresh.m */ = {isa = PBXFileReference; fileEncoding = 4; lastKnownFileType = sourcecode.c.objc; path = "UIScrollView+MJRefresh.m"; sourceTree = "<group>"; };
		9F0AA5291E1D5FA5005DA9F3 /* UIView+MJExtension.h */ = {isa = PBXFileReference; fileEncoding = 4; lastKnownFileType = sourcecode.c.h; path = "UIView+MJExtension.h"; sourceTree = "<group>"; };
		9F0AA52A1E1D5FA5005DA9F3 /* UIView+MJExtension.m */ = {isa = PBXFileReference; fileEncoding = 4; lastKnownFileType = sourcecode.c.objc; path = "UIView+MJExtension.m"; sourceTree = "<group>"; };
		9F0AA52D1E1D5FA5005DA9F3 /* ContactsMainVC.h */ = {isa = PBXFileReference; fileEncoding = 4; lastKnownFileType = sourcecode.c.h; path = ContactsMainVC.h; sourceTree = "<group>"; };
		9F0AA52E1E1D5FA5005DA9F3 /* ContactsMainVC.m */ = {isa = PBXFileReference; fileEncoding = 4; lastKnownFileType = sourcecode.c.objc; path = ContactsMainVC.m; sourceTree = "<group>"; };
		9F0AA52F1E1D5FA5005DA9F3 /* DiscoverMainVC.h */ = {isa = PBXFileReference; fileEncoding = 4; lastKnownFileType = sourcecode.c.h; path = DiscoverMainVC.h; sourceTree = "<group>"; };
		9F0AA5301E1D5FA5005DA9F3 /* DiscoverMainVC.m */ = {isa = PBXFileReference; fileEncoding = 4; lastKnownFileType = sourcecode.c.objc; path = DiscoverMainVC.m; sourceTree = "<group>"; };
		9F0AA5311E1D5FA5005DA9F3 /* LoginVC.h */ = {isa = PBXFileReference; fileEncoding = 4; lastKnownFileType = sourcecode.c.h; path = LoginVC.h; sourceTree = "<group>"; };
		9F0AA5321E1D5FA5005DA9F3 /* LoginVC.m */ = {isa = PBXFileReference; fileEncoding = 4; lastKnownFileType = sourcecode.c.objc; path = LoginVC.m; sourceTree = "<group>"; };
		9F0AA5331E1D5FA5005DA9F3 /* MeMainVC.h */ = {isa = PBXFileReference; fileEncoding = 4; lastKnownFileType = sourcecode.c.h; path = MeMainVC.h; sourceTree = "<group>"; };
		9F0AA5341E1D5FA5005DA9F3 /* MeMainVC.m */ = {isa = PBXFileReference; fileEncoding = 4; lastKnownFileType = sourcecode.c.objc; path = MeMainVC.m; sourceTree = "<group>"; };
		9F0AA5351E1D5FA5005DA9F3 /* WeChatMainVC.h */ = {isa = PBXFileReference; fileEncoding = 4; lastKnownFileType = sourcecode.c.h; path = WeChatMainVC.h; sourceTree = "<group>"; };
		9F0AA5361E1D5FA5005DA9F3 /* WeChatMainVC.m */ = {isa = PBXFileReference; fileEncoding = 4; lastKnownFileType = sourcecode.c.objc; path = WeChatMainVC.m; sourceTree = "<group>"; };
		9F0AA5381E1D5FA5005DA9F3 /* Assets.xcassets */ = {isa = PBXFileReference; lastKnownFileType = folder.assetcatalog; path = Assets.xcassets; sourceTree = "<group>"; };
/* End PBXFileReference section */

/* Begin PBXFrameworksBuildPhase section */
		9F0AA4AD1E1D5F45005DA9F3 /* Frameworks */ = {
			isa = PBXFrameworksBuildPhase;
			buildActionMask = 2147483647;
			files = (
			);
			runOnlyForDeploymentPostprocessing = 0;
		};
		9F0AA4C61E1D5F46005DA9F3 /* Frameworks */ = {
			isa = PBXFrameworksBuildPhase;
			buildActionMask = 2147483647;
			files = (
			);
			runOnlyForDeploymentPostprocessing = 0;
		};
		9F0AA4D11E1D5F46005DA9F3 /* Frameworks */ = {
			isa = PBXFrameworksBuildPhase;
			buildActionMask = 2147483647;
			files = (
			);
			runOnlyForDeploymentPostprocessing = 0;
		};
/* End PBXFrameworksBuildPhase section */

/* Begin PBXGroup section */
		9F0AA4A71E1D5F45005DA9F3 = {
			isa = PBXGroup;
			children = (
				9F0AA4B21E1D5F45005DA9F3 /* YueShan */,
				9F0AA4CC1E1D5F46005DA9F3 /* YueShanTests */,
				9F0AA4D71E1D5F46005DA9F3 /* YueShanUITests */,
				9F0AA4B11E1D5F45005DA9F3 /* Products */,
			);
			sourceTree = "<group>";
		};
		9F0AA4B11E1D5F45005DA9F3 /* Products */ = {
			isa = PBXGroup;
			children = (
				9F0AA4B01E1D5F45005DA9F3 /* YueShan.app */,
				9F0AA4C91E1D5F46005DA9F3 /* YueShanTests.xctest */,
				9F0AA4D41E1D5F46005DA9F3 /* YueShanUITests.xctest */,
			);
			name = Products;
			sourceTree = "<group>";
		};
		9F0AA4B21E1D5F45005DA9F3 /* YueShan */ = {
			isa = PBXGroup;
			children = (
				9F0AA4E61E1D5FA5005DA9F3 /* Classes */,
				9F0AA4B61E1D5F45005DA9F3 /* AppDelegate.h */,
				9F0AA4B71E1D5F45005DA9F3 /* AppDelegate.m */,
				9F0AA5371E1D5FA5005DA9F3 /* Resources */,
				9F0AA4BC1E1D5F45005DA9F3 /* Main.storyboard */,
				9F0AA4C11E1D5F45005DA9F3 /* LaunchScreen.storyboard */,
				9F0AA4C41E1D5F45005DA9F3 /* Info.plist */,
				9F0AA4B31E1D5F45005DA9F3 /* Supporting Files */,
			);
			path = YueShan;
			sourceTree = "<group>";
		};
		9F0AA4B31E1D5F45005DA9F3 /* Supporting Files */ = {
			isa = PBXGroup;
			children = (
				9F0AA4B41E1D5F45005DA9F3 /* main.m */,
			);
			name = "Supporting Files";
			sourceTree = "<group>";
		};
		9F0AA4CC1E1D5F46005DA9F3 /* YueShanTests */ = {
			isa = PBXGroup;
			children = (
				9F0AA4CD1E1D5F46005DA9F3 /* YueShanTests.m */,
				9F0AA4CF1E1D5F46005DA9F3 /* Info.plist */,
			);
			path = YueShanTests;
			sourceTree = "<group>";
		};
		9F0AA4D71E1D5F46005DA9F3 /* YueShanUITests */ = {
			isa = PBXGroup;
			children = (
				9F0AA4D81E1D5F46005DA9F3 /* YueShanUITests.m */,
				9F0AA4DA1E1D5F47005DA9F3 /* Info.plist */,
			);
			path = YueShanUITests;
			sourceTree = "<group>";
		};
		9F0AA4E61E1D5FA5005DA9F3 /* Classes */ = {
			isa = PBXGroup;
			children = (
				9F0AA4E71E1D5FA5005DA9F3 /* Common */,
				9F0AA4FD1E1D5FA5005DA9F3 /* ThirdCode */,
				9F0AA52C1E1D5FA5005DA9F3 /* ViewController */,
			);
			path = Classes;
			sourceTree = "<group>";
		};
		9F0AA4E71E1D5FA5005DA9F3 /* Common */ = {
			isa = PBXGroup;
			children = (
				9F0AA4E81E1D5FA5005DA9F3 /* BaseHeader.h */,
				9F0AA4E91E1D5FA5005DA9F3 /* BaseViewController */,
				9F0AA4F71E1D5FA5005DA9F3 /* CommonDefined.h */,
				9F0AA4F81E1D5FA5005DA9F3 /* Tool */,
				9F0AA4FB1E1D5FA5005DA9F3 /* UserDefaultsHelper.h */,
				9F0AA4FC1E1D5FA5005DA9F3 /* UserDefaultsHelper.m */,
			);
			path = Common;
			sourceTree = "<group>";
		};
		9F0AA4E91E1D5FA5005DA9F3 /* BaseViewController */ = {
			isa = PBXGroup;
			children = (
				9F0AA4EA1E1D5FA5005DA9F3 /* BaseTableViewController.h */,
				9F0AA4EB1E1D5FA5005DA9F3 /* BaseTableViewController.m */,
				9F0AA4EC1E1D5FA5005DA9F3 /* CustomBaseViewController.h */,
				9F0AA4ED1E1D5FA5005DA9F3 /* CustomBaseViewController.m */,
				9F0AA4EE1E1D5FA5005DA9F3 /* CustomNavigationController.h */,
				9F0AA4EF1E1D5FA5005DA9F3 /* CustomNavigationController.m */,
				9F0AA4F01E1D5FA5005DA9F3 /* EmptyViewTips.h */,
				9F0AA4F11E1D5FA5005DA9F3 /* EmptyViewTips.m */,
				9F0AA4F21E1D5FA5005DA9F3 /* MainTabBarVC.h */,
				9F0AA4F31E1D5FA5005DA9F3 /* MainTabBarVC.m */,
				9F0AA4F41E1D5FA5005DA9F3 /* MainTabBarVC.xib */,
				9F0AA4F51E1D5FA5005DA9F3 /* UIBarButtonItem+MJ.h */,
				9F0AA4F61E1D5FA5005DA9F3 /* UIBarButtonItem+MJ.m */,
			);
			path = BaseViewController;
			sourceTree = "<group>";
		};
		9F0AA4F81E1D5FA5005DA9F3 /* Tool */ = {
			isa = PBXGroup;
			children = (
				9F0AA4F91E1D5FA5005DA9F3 /* UIColor+YY.h */,
				9F0AA4FA1E1D5FA5005DA9F3 /* UIColor+YY.m */,
			);
			path = Tool;
			sourceTree = "<group>";
		};
		9F0AA4FD1E1D5FA5005DA9F3 /* ThirdCode */ = {
			isa = PBXGroup;
			children = (
				9F0AA4FE1E1D5FA5005DA9F3 /* MJRefresh */,
				9F0AA52B1E1D5FA5005DA9F3 /* Reachability */,
			);
			path = ThirdCode;
			sourceTree = "<group>";
		};
		9F0AA4FE1E1D5FA5005DA9F3 /* MJRefresh */ = {
			isa = PBXGroup;
			children = (
				9F0AA4FF1E1D5FA5005DA9F3 /* Base */,
				9F0AA50A1E1D5FA5005DA9F3 /* Custom */,
				9F0AA5211E1D5FA5005DA9F3 /* MJRefresh.bundle */,
				9F0AA5221E1D5FA5005DA9F3 /* MJRefresh.h */,
				9F0AA5231E1D5FA5005DA9F3 /* MJRefreshConst.h */,
				9F0AA5241E1D5FA5005DA9F3 /* MJRefreshConst.m */,
				9F0AA5251E1D5FA5005DA9F3 /* UIScrollView+MJExtension.h */,
				9F0AA5261E1D5FA5005DA9F3 /* UIScrollView+MJExtension.m */,
				9F0AA5271E1D5FA5005DA9F3 /* UIScrollView+MJRefresh.h */,
				9F0AA5281E1D5FA5005DA9F3 /* UIScrollView+MJRefresh.m */,
				9F0AA5291E1D5FA5005DA9F3 /* UIView+MJExtension.h */,
				9F0AA52A1E1D5FA5005DA9F3 /* UIView+MJExtension.m */,
			);
			path = MJRefresh;
			sourceTree = "<group>";
		};
		9F0AA4FF1E1D5FA5005DA9F3 /* Base */ = {
			isa = PBXGroup;
			children = (
				9F0AA5001E1D5FA5005DA9F3 /* MJRefreshAutoFooter.h */,
				9F0AA5011E1D5FA5005DA9F3 /* MJRefreshAutoFooter.m */,
				9F0AA5021E1D5FA5005DA9F3 /* MJRefreshBackFooter.h */,
				9F0AA5031E1D5FA5005DA9F3 /* MJRefreshBackFooter.m */,
				9F0AA5041E1D5FA5005DA9F3 /* MJRefreshComponent.h */,
				9F0AA5051E1D5FA5005DA9F3 /* MJRefreshComponent.m */,
				9F0AA5061E1D5FA5005DA9F3 /* MJRefreshFooter.h */,
				9F0AA5071E1D5FA5005DA9F3 /* MJRefreshFooter.m */,
				9F0AA5081E1D5FA5005DA9F3 /* MJRefreshHeader.h */,
				9F0AA5091E1D5FA5005DA9F3 /* MJRefreshHeader.m */,
			);
			path = Base;
			sourceTree = "<group>";
		};
		9F0AA50A1E1D5FA5005DA9F3 /* Custom */ = {
			isa = PBXGroup;
			children = (
				9F0AA50B1E1D5FA5005DA9F3 /* Footer */,
				9F0AA51A1E1D5FA5005DA9F3 /* Header */,
			);
			path = Custom;
			sourceTree = "<group>";
		};
		9F0AA50B1E1D5FA5005DA9F3 /* Footer */ = {
			isa = PBXGroup;
			children = (
				9F0AA50C1E1D5FA5005DA9F3 /* Auto */,
				9F0AA5131E1D5FA5005DA9F3 /* Back */,
			);
			path = Footer;
			sourceTree = "<group>";
		};
		9F0AA50C1E1D5FA5005DA9F3 /* Auto */ = {
			isa = PBXGroup;
			children = (
				9F0AA50D1E1D5FA5005DA9F3 /* MJRefreshAutoGifFooter.h */,
				9F0AA50E1E1D5FA5005DA9F3 /* MJRefreshAutoGifFooter.m */,
				9F0AA50F1E1D5FA5005DA9F3 /* MJRefreshAutoNormalFooter.h */,
				9F0AA5101E1D5FA5005DA9F3 /* MJRefreshAutoNormalFooter.m */,
				9F0AA5111E1D5FA5005DA9F3 /* MJRefreshAutoStateFooter.h */,
				9F0AA5121E1D5FA5005DA9F3 /* MJRefreshAutoStateFooter.m */,
			);
			path = Auto;
			sourceTree = "<group>";
		};
		9F0AA5131E1D5FA5005DA9F3 /* Back */ = {
			isa = PBXGroup;
			children = (
				9F0AA5141E1D5FA5005DA9F3 /* MJRefreshBackGifFooter.h */,
				9F0AA5151E1D5FA5005DA9F3 /* MJRefreshBackGifFooter.m */,
				9F0AA5161E1D5FA5005DA9F3 /* MJRefreshBackNormalFooter.h */,
				9F0AA5171E1D5FA5005DA9F3 /* MJRefreshBackNormalFooter.m */,
				9F0AA5181E1D5FA5005DA9F3 /* MJRefreshBackStateFooter.h */,
				9F0AA5191E1D5FA5005DA9F3 /* MJRefreshBackStateFooter.m */,
			);
			path = Back;
			sourceTree = "<group>";
		};
		9F0AA51A1E1D5FA5005DA9F3 /* Header */ = {
			isa = PBXGroup;
			children = (
				9F0AA51B1E1D5FA5005DA9F3 /* MJRefreshGifHeader.h */,
				9F0AA51C1E1D5FA5005DA9F3 /* MJRefreshGifHeader.m */,
				9F0AA51D1E1D5FA5005DA9F3 /* MJRefreshNormalHeader.h */,
				9F0AA51E1E1D5FA5005DA9F3 /* MJRefreshNormalHeader.m */,
				9F0AA51F1E1D5FA5005DA9F3 /* MJRefreshStateHeader.h */,
				9F0AA5201E1D5FA5005DA9F3 /* MJRefreshStateHeader.m */,
			);
			path = Header;
			sourceTree = "<group>";
		};
		9F0AA52B1E1D5FA5005DA9F3 /* Reachability */ = {
			isa = PBXGroup;
			children = (
			);
			path = Reachability;
			sourceTree = "<group>";
		};
		9F0AA52C1E1D5FA5005DA9F3 /* ViewController */ = {
			isa = PBXGroup;
			children = (
				9F0AA52D1E1D5FA5005DA9F3 /* ContactsMainVC.h */,
				9F0AA52E1E1D5FA5005DA9F3 /* ContactsMainVC.m */,
				9F0AA52F1E1D5FA5005DA9F3 /* DiscoverMainVC.h */,
				9F0AA5301E1D5FA5005DA9F3 /* DiscoverMainVC.m */,
				9F0AA5311E1D5FA5005DA9F3 /* LoginVC.h */,
				9F0AA5321E1D5FA5005DA9F3 /* LoginVC.m */,
				9F0AA5331E1D5FA5005DA9F3 /* MeMainVC.h */,
				9F0AA5341E1D5FA5005DA9F3 /* MeMainVC.m */,
				9F0AA5351E1D5FA5005DA9F3 /* WeChatMainVC.h */,
				9F0AA5361E1D5FA5005DA9F3 /* WeChatMainVC.m */,
			);
			path = ViewController;
			sourceTree = "<group>";
		};
		9F0AA5371E1D5FA5005DA9F3 /* Resources */ = {
			isa = PBXGroup;
			children = (
				9F0AA5381E1D5FA5005DA9F3 /* Assets.xcassets */,
			);
			path = Resources;
			sourceTree = "<group>";
		};
/* End PBXGroup section */

/* Begin PBXNativeTarget section */
		9F0AA4AF1E1D5F45005DA9F3 /* YueShan */ = {
			isa = PBXNativeTarget;
			buildConfigurationList = 9F0AA4DD1E1D5F47005DA9F3 /* Build configuration list for PBXNativeTarget "YueShan" */;
			buildPhases = (
				9F0AA4AC1E1D5F45005DA9F3 /* Sources */,
				9F0AA4AD1E1D5F45005DA9F3 /* Frameworks */,
				9F0AA4AE1E1D5F45005DA9F3 /* Resources */,
			);
			buildRules = (
			);
			dependencies = (
			);
			name = YueShan;
			productName = YueShan;
			productReference = 9F0AA4B01E1D5F45005DA9F3 /* YueShan.app */;
			productType = "com.apple.product-type.application";
		};
		9F0AA4C81E1D5F46005DA9F3 /* YueShanTests */ = {
			isa = PBXNativeTarget;
			buildConfigurationList = 9F0AA4E01E1D5F47005DA9F3 /* Build configuration list for PBXNativeTarget "YueShanTests" */;
			buildPhases = (
				9F0AA4C51E1D5F46005DA9F3 /* Sources */,
				9F0AA4C61E1D5F46005DA9F3 /* Frameworks */,
				9F0AA4C71E1D5F46005DA9F3 /* Resources */,
			);
			buildRules = (
			);
			dependencies = (
				9F0AA4CB1E1D5F46005DA9F3 /* PBXTargetDependency */,
			);
			name = YueShanTests;
			productName = YueShanTests;
			productReference = 9F0AA4C91E1D5F46005DA9F3 /* YueShanTests.xctest */;
			productType = "com.apple.product-type.bundle.unit-test";
		};
		9F0AA4D31E1D5F46005DA9F3 /* YueShanUITests */ = {
			isa = PBXNativeTarget;
			buildConfigurationList = 9F0AA4E31E1D5F47005DA9F3 /* Build configuration list for PBXNativeTarget "YueShanUITests" */;
			buildPhases = (
				9F0AA4D01E1D5F46005DA9F3 /* Sources */,
				9F0AA4D11E1D5F46005DA9F3 /* Frameworks */,
				9F0AA4D21E1D5F46005DA9F3 /* Resources */,
			);
			buildRules = (
			);
			dependencies = (
				9F0AA4D61E1D5F46005DA9F3 /* PBXTargetDependency */,
			);
			name = YueShanUITests;
			productName = YueShanUITests;
			productReference = 9F0AA4D41E1D5F46005DA9F3 /* YueShanUITests.xctest */;
			productType = "com.apple.product-type.bundle.ui-testing";
		};
/* End PBXNativeTarget section */

/* Begin PBXProject section */
		9F0AA4A81E1D5F45005DA9F3 /* Project object */ = {
			isa = PBXProject;
			attributes = {
				LastUpgradeCheck = 0810;
				ORGANIZATIONNAME = opq;
				TargetAttributes = {
					9F0AA4AF1E1D5F45005DA9F3 = {
						CreatedOnToolsVersion = 8.1;
						DevelopmentTeam = SA6BGR8N24;
						ProvisioningStyle = Automatic;
					};
					9F0AA4C81E1D5F46005DA9F3 = {
						CreatedOnToolsVersion = 8.1;
						DevelopmentTeam = SA6BGR8N24;
						ProvisioningStyle = Automatic;
						TestTargetID = 9F0AA4AF1E1D5F45005DA9F3;
					};
					9F0AA4D31E1D5F46005DA9F3 = {
						CreatedOnToolsVersion = 8.1;
						DevelopmentTeam = SA6BGR8N24;
						ProvisioningStyle = Automatic;
						TestTargetID = 9F0AA4AF1E1D5F45005DA9F3;
					};
				};
			};
			buildConfigurationList = 9F0AA4AB1E1D5F45005DA9F3 /* Build configuration list for PBXProject "YueShan" */;
			compatibilityVersion = "Xcode 3.2";
			developmentRegion = English;
			hasScannedForEncodings = 0;
			knownRegions = (
				en,
				Base,
			);
			mainGroup = 9F0AA4A71E1D5F45005DA9F3;
			productRefGroup = 9F0AA4B11E1D5F45005DA9F3 /* Products */;
			projectDirPath = "";
			projectRoot = "";
			targets = (
				9F0AA4AF1E1D5F45005DA9F3 /* YueShan */,
				9F0AA4C81E1D5F46005DA9F3 /* YueShanTests */,
				9F0AA4D31E1D5F46005DA9F3 /* YueShanUITests */,
			);
		};
/* End PBXProject section */

/* Begin PBXResourcesBuildPhase section */
		9F0AA4AE1E1D5F45005DA9F3 /* Resources */ = {
			isa = PBXResourcesBuildPhase;
			buildActionMask = 2147483647;
			files = (
				9F0AA4C31E1D5F45005DA9F3 /* LaunchScreen.storyboard in Resources */,
				9F0AA4BE1E1D5F45005DA9F3 /* Main.storyboard in Resources */,
				9F0AA5501E1D5FA5005DA9F3 /* MJRefresh.bundle in Resources */,
				9F0AA55A1E1D5FA5005DA9F3 /* Assets.xcassets in Resources */,
				9F0AA53E1E1D5FA5005DA9F3 /* MainTabBarVC.xib in Resources */,
			);
			runOnlyForDeploymentPostprocessing = 0;
		};
		9F0AA4C71E1D5F46005DA9F3 /* Resources */ = {
			isa = PBXResourcesBuildPhase;
			buildActionMask = 2147483647;
			files = (
			);
			runOnlyForDeploymentPostprocessing = 0;
		};
		9F0AA4D21E1D5F46005DA9F3 /* Resources */ = {
			isa = PBXResourcesBuildPhase;
			buildActionMask = 2147483647;
			files = (
			);
			runOnlyForDeploymentPostprocessing = 0;
		};
/* End PBXResourcesBuildPhase section */

/* Begin PBXSourcesBuildPhase section */
		9F0AA4AC1E1D5F45005DA9F3 /* Sources */ = {
			isa = PBXSourcesBuildPhase;
			buildActionMask = 2147483647;
			files = (
				9F0AA5551E1D5FA5005DA9F3 /* ContactsMainVC.m in Sources */,
				9F0AA5521E1D5FA5005DA9F3 /* UIScrollView+MJExtension.m in Sources */,
				9F0AA5511E1D5FA5005DA9F3 /* MJRefreshConst.m in Sources */,
				9F0AA53C1E1D5FA5005DA9F3 /* EmptyViewTips.m in Sources */,
				9F0AA5471E1D5FA5005DA9F3 /* MJRefreshAutoGifFooter.m in Sources */,
				9F0AA5531E1D5FA5005DA9F3 /* UIScrollView+MJRefresh.m in Sources */,
				9F0AA5431E1D5FA5005DA9F3 /* MJRefreshBackFooter.m in Sources */,
				9F0AA54D1E1D5FA5005DA9F3 /* MJRefreshGifHeader.m in Sources */,
				9F0AA54A1E1D5FA5005DA9F3 /* MJRefreshBackGifFooter.m in Sources */,
				9F0AA54F1E1D5FA5005DA9F3 /* MJRefreshStateHeader.m in Sources */,
				9F0AA53A1E1D5FA5005DA9F3 /* CustomBaseViewController.m in Sources */,
				9F0AA5481E1D5FA5005DA9F3 /* MJRefreshAutoNormalFooter.m in Sources */,
				9F0AA5441E1D5FA5005DA9F3 /* MJRefreshComponent.m in Sources */,
				9F0AA5411E1D5FA5005DA9F3 /* UserDefaultsHelper.m in Sources */,
				9F0AA5401E1D5FA5005DA9F3 /* UIColor+YY.m in Sources */,
				9F0AA5541E1D5FA5005DA9F3 /* UIView+MJExtension.m in Sources */,
				9F0AA53D1E1D5FA5005DA9F3 /* MainTabBarVC.m in Sources */,
				9F0AA4B81E1D5F45005DA9F3 /* AppDelegate.m in Sources */,
				9F0AA54C1E1D5FA5005DA9F3 /* MJRefreshBackStateFooter.m in Sources */,
				9F0AA5391E1D5FA5005DA9F3 /* BaseTableViewController.m in Sources */,
				9F0AA53F1E1D5FA5005DA9F3 /* UIBarButtonItem+MJ.m in Sources */,
				9F0AA5581E1D5FA5005DA9F3 /* MeMainVC.m in Sources */,
				9F0AA5571E1D5FA5005DA9F3 /* LoginVC.m in Sources */,
				9F0AA5461E1D5FA5005DA9F3 /* MJRefreshHeader.m in Sources */,
				9F0AA54B1E1D5FA5005DA9F3 /* MJRefreshBackNormalFooter.m in Sources */,
				9F0AA54E1E1D5FA5005DA9F3 /* MJRefreshNormalHeader.m in Sources */,
				9F0AA53B1E1D5FA5005DA9F3 /* CustomNavigationController.m in Sources */,
				9F0AA5561E1D5FA5005DA9F3 /* DiscoverMainVC.m in Sources */,
				9F0AA5491E1D5FA5005DA9F3 /* MJRefreshAutoStateFooter.m in Sources */,
				9F0AA5421E1D5FA5005DA9F3 /* MJRefreshAutoFooter.m in Sources */,
				9F0AA5591E1D5FA5005DA9F3 /* WeChatMainVC.m in Sources */,
				9F0AA4B51E1D5F45005DA9F3 /* main.m in Sources */,
				9F0AA5451E1D5FA5005DA9F3 /* MJRefreshFooter.m in Sources */,
			);
			runOnlyForDeploymentPostprocessing = 0;
		};
		9F0AA4C51E1D5F46005DA9F3 /* Sources */ = {
			isa = PBXSourcesBuildPhase;
			buildActionMask = 2147483647;
			files = (
				9F0AA4CE1E1D5F46005DA9F3 /* YueShanTests.m in Sources */,
			);
			runOnlyForDeploymentPostprocessing = 0;
		};
		9F0AA4D01E1D5F46005DA9F3 /* Sources */ = {
			isa = PBXSourcesBuildPhase;
			buildActionMask = 2147483647;
			files = (
				9F0AA4D91E1D5F46005DA9F3 /* YueShanUITests.m in Sources */,
			);
			runOnlyForDeploymentPostprocessing = 0;
		};
/* End PBXSourcesBuildPhase section */

/* Begin PBXTargetDependency section */
		9F0AA4CB1E1D5F46005DA9F3 /* PBXTargetDependency */ = {
			isa = PBXTargetDependency;
			target = 9F0AA4AF1E1D5F45005DA9F3 /* YueShan */;
			targetProxy = 9F0AA4CA1E1D5F46005DA9F3 /* PBXContainerItemProxy */;
		};
		9F0AA4D61E1D5F46005DA9F3 /* PBXTargetDependency */ = {
			isa = PBXTargetDependency;
			target = 9F0AA4AF1E1D5F45005DA9F3 /* YueShan */;
			targetProxy = 9F0AA4D51E1D5F46005DA9F3 /* PBXContainerItemProxy */;
		};
/* End PBXTargetDependency section */

/* Begin PBXVariantGroup section */
		9F0AA4BC1E1D5F45005DA9F3 /* Main.storyboard */ = {
			isa = PBXVariantGroup;
			children = (
				9F0AA4BD1E1D5F45005DA9F3 /* Base */,
			);
			name = Main.storyboard;
			sourceTree = "<group>";
		};
		9F0AA4C11E1D5F45005DA9F3 /* LaunchScreen.storyboard */ = {
			isa = PBXVariantGroup;
			children = (
				9F0AA4C21E1D5F45005DA9F3 /* Base */,
			);
			name = LaunchScreen.storyboard;
			sourceTree = "<group>";
		};
/* End PBXVariantGroup section */

/* Begin XCBuildConfiguration section */
		9F0AA4DB1E1D5F47005DA9F3 /* Debug */ = {
			isa = XCBuildConfiguration;
			buildSettings = {
				ALWAYS_SEARCH_USER_PATHS = NO;
				CLANG_ANALYZER_NONNULL = YES;
				CLANG_CXX_LANGUAGE_STANDARD = "gnu++0x";
				CLANG_CXX_LIBRARY = "libc++";
				CLANG_ENABLE_MODULES = YES;
				CLANG_ENABLE_OBJC_ARC = YES;
				CLANG_WARN_BOOL_CONVERSION = YES;
				CLANG_WARN_CONSTANT_CONVERSION = YES;
				CLANG_WARN_DIRECT_OBJC_ISA_USAGE = YES_ERROR;
				CLANG_WARN_DOCUMENTATION_COMMENTS = YES;
				CLANG_WARN_EMPTY_BODY = YES;
				CLANG_WARN_ENUM_CONVERSION = YES;
				CLANG_WARN_INFINITE_RECURSION = YES;
				CLANG_WARN_INT_CONVERSION = YES;
				CLANG_WARN_OBJC_ROOT_CLASS = YES_ERROR;
				CLANG_WARN_SUSPICIOUS_MOVES = YES;
				CLANG_WARN_UNREACHABLE_CODE = YES;
				CLANG_WARN__DUPLICATE_METHOD_MATCH = YES;
				"CODE_SIGN_IDENTITY[sdk=iphoneos*]" = "iPhone Developer";
				COPY_PHASE_STRIP = NO;
				DEBUG_INFORMATION_FORMAT = dwarf;
				ENABLE_STRICT_OBJC_MSGSEND = YES;
				ENABLE_TESTABILITY = YES;
				GCC_C_LANGUAGE_STANDARD = gnu99;
				GCC_DYNAMIC_NO_PIC = NO;
				GCC_NO_COMMON_BLOCKS = YES;
				GCC_OPTIMIZATION_LEVEL = 0;
				GCC_PREPROCESSOR_DEFINITIONS = (
					"DEBUG=1",
					"$(inherited)",
				);
				GCC_WARN_64_TO_32_BIT_CONVERSION = YES;
				GCC_WARN_ABOUT_RETURN_TYPE = YES_ERROR;
				GCC_WARN_UNDECLARED_SELECTOR = YES;
				GCC_WARN_UNINITIALIZED_AUTOS = YES_AGGRESSIVE;
				GCC_WARN_UNUSED_FUNCTION = YES;
				GCC_WARN_UNUSED_VARIABLE = YES;
				IPHONEOS_DEPLOYMENT_TARGET = 10.1;
				MTL_ENABLE_DEBUG_INFO = YES;
				ONLY_ACTIVE_ARCH = YES;
				SDKROOT = iphoneos;
				TARGETED_DEVICE_FAMILY = "1,2";
			};
			name = Debug;
		};
		9F0AA4DC1E1D5F47005DA9F3 /* Release */ = {
			isa = XCBuildConfiguration;
			buildSettings = {
				ALWAYS_SEARCH_USER_PATHS = NO;
				CLANG_ANALYZER_NONNULL = YES;
				CLANG_CXX_LANGUAGE_STANDARD = "gnu++0x";
				CLANG_CXX_LIBRARY = "libc++";
				CLANG_ENABLE_MODULES = YES;
				CLANG_ENABLE_OBJC_ARC = YES;
				CLANG_WARN_BOOL_CONVERSION = YES;
				CLANG_WARN_CONSTANT_CONVERSION = YES;
				CLANG_WARN_DIRECT_OBJC_ISA_USAGE = YES_ERROR;
				CLANG_WARN_DOCUMENTATION_COMMENTS = YES;
				CLANG_WARN_EMPTY_BODY = YES;
				CLANG_WARN_ENUM_CONVERSION = YES;
				CLANG_WARN_INFINITE_RECURSION = YES;
				CLANG_WARN_INT_CONVERSION = YES;
				CLANG_WARN_OBJC_ROOT_CLASS = YES_ERROR;
				CLANG_WARN_SUSPICIOUS_MOVES = YES;
				CLANG_WARN_UNREACHABLE_CODE = YES;
				CLANG_WARN__DUPLICATE_METHOD_MATCH = YES;
				"CODE_SIGN_IDENTITY[sdk=iphoneos*]" = "iPhone Developer";
				COPY_PHASE_STRIP = NO;
				DEBUG_INFORMATION_FORMAT = "dwarf-with-dsym";
				ENABLE_NS_ASSERTIONS = NO;
				ENABLE_STRICT_OBJC_MSGSEND = YES;
				GCC_C_LANGUAGE_STANDARD = gnu99;
				GCC_NO_COMMON_BLOCKS = YES;
				GCC_WARN_64_TO_32_BIT_CONVERSION = YES;
				GCC_WARN_ABOUT_RETURN_TYPE = YES_ERROR;
				GCC_WARN_UNDECLARED_SELECTOR = YES;
				GCC_WARN_UNINITIALIZED_AUTOS = YES_AGGRESSIVE;
				GCC_WARN_UNUSED_FUNCTION = YES;
				GCC_WARN_UNUSED_VARIABLE = YES;
				IPHONEOS_DEPLOYMENT_TARGET = 10.1;
				MTL_ENABLE_DEBUG_INFO = NO;
				SDKROOT = iphoneos;
				TARGETED_DEVICE_FAMILY = "1,2";
				VALIDATE_PRODUCT = YES;
			};
			name = Release;
		};
		9F0AA4DE1E1D5F47005DA9F3 /* Debug */ = {
			isa = XCBuildConfiguration;
			buildSettings = {
				ASSETCATALOG_COMPILER_APPICON_NAME = AppIcon;
				DEVELOPMENT_TEAM = SA6BGR8N24;
				INFOPLIST_FILE = YueShan/Info.plist;
				LD_RUNPATH_SEARCH_PATHS = "$(inherited) @executable_path/Frameworks";
				PRODUCT_BUNDLE_IDENTIFIER = com.chinasun.YueShan;
				PRODUCT_NAME = "$(TARGET_NAME)";
			};
			name = Debug;
		};
		9F0AA4DF1E1D5F47005DA9F3 /* Release */ = {
			isa = XCBuildConfiguration;
			buildSettings = {
				ASSETCATALOG_COMPILER_APPICON_NAME = AppIcon;
				DEVELOPMENT_TEAM = SA6BGR8N24;
				INFOPLIST_FILE = YueShan/Info.plist;
				LD_RUNPATH_SEARCH_PATHS = "$(inherited) @executable_path/Frameworks";
				PRODUCT_BUNDLE_IDENTIFIER = com.chinasun.YueShan;
				PRODUCT_NAME = "$(TARGET_NAME)";
			};
			name = Release;
		};
		9F0AA4E11E1D5F47005DA9F3 /* Debug */ = {
			isa = XCBuildConfiguration;
			buildSettings = {
				BUNDLE_LOADER = "$(TEST_HOST)";
				DEVELOPMENT_TEAM = SA6BGR8N24;
				INFOPLIST_FILE = YueShanTests/Info.plist;
				LD_RUNPATH_SEARCH_PATHS = "$(inherited) @executable_path/Frameworks @loader_path/Frameworks";
				PRODUCT_BUNDLE_IDENTIFIER = com.chinasun.YueShanTests;
				PRODUCT_NAME = "$(TARGET_NAME)";
				TEST_HOST = "$(BUILT_PRODUCTS_DIR)/YueShan.app/YueShan";
			};
			name = Debug;
		};
		9F0AA4E21E1D5F47005DA9F3 /* Release */ = {
			isa = XCBuildConfiguration;
			buildSettings = {
				BUNDLE_LOADER = "$(TEST_HOST)";
				DEVELOPMENT_TEAM = SA6BGR8N24;
				INFOPLIST_FILE = YueShanTests/Info.plist;
				LD_RUNPATH_SEARCH_PATHS = "$(inherited) @executable_path/Frameworks @loader_path/Frameworks";
				PRODUCT_BUNDLE_IDENTIFIER = com.chinasun.YueShanTests;
				PRODUCT_NAME = "$(TARGET_NAME)";
				TEST_HOST = "$(BUILT_PRODUCTS_DIR)/YueShan.app/YueShan";
			};
			name = Release;
		};
		9F0AA4E41E1D5F47005DA9F3 /* Debug */ = {
			isa = XCBuildConfiguration;
			buildSettings = {
				DEVELOPMENT_TEAM = SA6BGR8N24;
				INFOPLIST_FILE = YueShanUITests/Info.plist;
				LD_RUNPATH_SEARCH_PATHS = "$(inherited) @executable_path/Frameworks @loader_path/Frameworks";
				PRODUCT_BUNDLE_IDENTIFIER = com.chinasun.YueShanUITests;
				PRODUCT_NAME = "$(TARGET_NAME)";
				TEST_TARGET_NAME = YueShan;
			};
			name = Debug;
		};
		9F0AA4E51E1D5F47005DA9F3 /* Release */ = {
			isa = XCBuildConfiguration;
			buildSettings = {
				DEVELOPMENT_TEAM = SA6BGR8N24;
				INFOPLIST_FILE = YueShanUITests/Info.plist;
				LD_RUNPATH_SEARCH_PATHS = "$(inherited) @executable_path/Frameworks @loader_path/Frameworks";
				PRODUCT_BUNDLE_IDENTIFIER = com.chinasun.YueShanUITests;
				PRODUCT_NAME = "$(TARGET_NAME)";
				TEST_TARGET_NAME = YueShan;
			};
			name = Release;
		};
/* End XCBuildConfiguration section */

/* Begin XCConfigurationList section */
		9F0AA4AB1E1D5F45005DA9F3 /* Build configuration list for PBXProject "YueShan" */ = {
			isa = XCConfigurationList;
			buildConfigurations = (
				9F0AA4DB1E1D5F47005DA9F3 /* Debug */,
				9F0AA4DC1E1D5F47005DA9F3 /* Release */,
			);
			defaultConfigurationIsVisible = 0;
			defaultConfigurationName = Release;
		};
		9F0AA4DD1E1D5F47005DA9F3 /* Build configuration list for PBXNativeTarget "YueShan" */ = {
			isa = XCConfigurationList;
			buildConfigurations = (
				9F0AA4DE1E1D5F47005DA9F3 /* Debug */,
				9F0AA4DF1E1D5F47005DA9F3 /* Release */,
			);
			defaultConfigurationIsVisible = 0;
		};
		9F0AA4E01E1D5F47005DA9F3 /* Build configuration list for PBXNativeTarget "YueShanTests" */ = {
			isa = XCConfigurationList;
			buildConfigurations = (
				9F0AA4E11E1D5F47005DA9F3 /* Debug */,
				9F0AA4E21E1D5F47005DA9F3 /* Release */,
			);
			defaultConfigurationIsVisible = 0;
		};
		9F0AA4E31E1D5F47005DA9F3 /* Build configuration list for PBXNativeTarget "YueShanUITests" */ = {
			isa = XCConfigurationList;
			buildConfigurations = (
				9F0AA4E41E1D5F47005DA9F3 /* Debug */,
				9F0AA4E51E1D5F47005DA9F3 /* Release */,
			);
			defaultConfigurationIsVisible = 0;
		};
/* End XCConfigurationList section */
	};
	rootObject = 9F0AA4A81E1D5F45005DA9F3 /* Project object */;
}
